
Microsoft Visual Studio Solution File, Format Version 12.00
# Visual Studio Version 17
VisualStudioVersion = 17.0.31912.275
MinimumVisualStudioVersion = 10.0.40219.1
Project("{2150E333-8FDC-42A3-9474-1A3956D46DE8}") = "ShopManagement", "ShopManagement", "{5FA3DF83-2D29-4B17-BA75-8AD8B7FD5A09}"
EndProject
Project("{2150E333-8FDC-42A3-9474-1A3956D46DE8}") = "SM.Domain", "SM.Domain", "{365F8FA9-9C10-49DF-8865-2F70217772EE}"
EndProject
Project("{9A19103F-16F7-4668-BE54-9A1E7A4F7556}") = "ShopManagement.Domain", "ShopManagement.Domain\ShopManagement.Domain.csproj", "{6703A150-8C74-421E-BC38-994D023F648C}"
EndProject
Project("{9A19103F-16F7-4668-BE54-9A1E7A4F7556}") = "AppFramework", "AppFramework\AppFramework.csproj", "{3769D0E6-0BE0-4F97-8ADF-B39441F8051D}"
EndProject
Project("{2150E333-8FDC-42A3-9474-1A3956D46DE8}") = "SM.Application", "SM.Application", "{D1B4ECF7-2A4D-42FF-A091-4DB7670DFE0A}"
EndProject
Project("{9A19103F-16F7-4668-BE54-9A1E7A4F7556}") = "ShopManagement.Application.Contracts", "ShopManagement.Application.Contracts\ShopManagement.Application.Contracts.csproj", "{6B17C1D8-21B2-4AC3-9627-75C806D1EB60}"
EndProject
Project("{9A19103F-16F7-4668-BE54-9A1E7A4F7556}") = "ShopManagement.Application", "ShopManagement.Application\ShopManagement.Application.csproj", "{5DF5CB48-822A-4E5A-B951-03128A1EE8D1}"
EndProject
Project("{2150E333-8FDC-42A3-9474-1A3956D46DE8}") = "SM.Infrastructure", "SM.Infrastructure", "{CE87B53C-D92B-4549-BC82-23E51A0BDD4A}"
EndProject
Project("{9A19103F-16F7-4668-BE54-9A1E7A4F7556}") = "ShopManagement.Infrastructure.EFCore", "ShopManagement.Infrastructure.EFCore\ShopManagement.Infrastructure.EFCore.csproj", "{C5D3BB8E-8395-48E5-AB0C-D0F7E5D0A378}"
EndProject
Project("{9A19103F-16F7-4668-BE54-9A1E7A4F7556}") = "ShopManagement.Configuration", "ShopManagement.Configuration\ShopManagement.Configuration.csproj", "{B30F6A38-60A9-4834-A07D-B9EE9FB15216}"
EndProject
Project("{9A19103F-16F7-4668-BE54-9A1E7A4F7556}") = "ServiceHost", "ServiceHost\ServiceHost.csproj", "{6D93401B-0EFB-41A9-A574-8D98CF33493E}"
EndProject
Project("{2150E333-8FDC-42A3-9474-1A3956D46DE8}") = "Solution Items", "Solution Items", "{CAD7D02D-6D16-480A-88C6-5EA08A7CD056}"
	ProjectSection(SolutionItems) = preProject
		.editorconfig = .editorconfig
	EndProjectSection
EndProject
Project("{9A19103F-16F7-4668-BE54-9A1E7A4F7556}") = "AppQuery", "AppQuery\AppQuery.csproj", "{58550D24-8F54-45F8-AD33-644645C23BBA}"
EndProject
Project("{2150E333-8FDC-42A3-9474-1A3956D46DE8}") = "DicountManagement", "DicountManagement", "{710939C7-C65B-4A4A-9A87-788AEC180A95}"
EndProject
Project("{2150E333-8FDC-42A3-9474-1A3956D46DE8}") = "DM.Domain", "DM.Domain", "{BC3FFE23-E575-4895-BCF4-E99DCE3810F1}"
EndProject
Project("{9A19103F-16F7-4668-BE54-9A1E7A4F7556}") = "DiscountManagement.Domain", "DiscountManagement.Domain\DiscountManagement.Domain.csproj", "{F4470807-1957-4919-AB93-E2C5F713BEAF}"
EndProject
Project("{2150E333-8FDC-42A3-9474-1A3956D46DE8}") = "DM.Application", "DM.Application", "{B9B3A1DE-02FB-4670-859D-5068FD7CEA3E}"
EndProject
Project("{FAE04EC0-301F-11D3-BF4B-00C04F79EFBC}") = "DiscountManagement.Application", "DiscountManagement.Application\DiscountManagement.Application.csproj", "{D0E49439-3E73-41DD-93FF-12AF75D11803}"
EndProject
Project("{FAE04EC0-301F-11D3-BF4B-00C04F79EFBC}") = "DiscountManagement.Application.Contract", "DiscountManagement.Application.Contract\DiscountManagement.Application.Contract.csproj", "{D3378E9D-613F-4EBA-8591-D4C1DEBC3A8F}"
EndProject
Project("{2150E333-8FDC-42A3-9474-1A3956D46DE8}") = "DM.Infrastructure", "DM.Infrastructure", "{A668A6E5-B166-4E18-932A-7EA9556DF6F7}"
EndProject
Project("{FAE04EC0-301F-11D3-BF4B-00C04F79EFBC}") = "DiscountManagement.Infrastructure.EFCore", "DiscountManagement.Infrastructure.EFCore\DiscountManagement.Infrastructure.EFCore.csproj", "{1F273C75-2BF6-4DF7-B9E0-B96DCCE81827}"
EndProject
Global
	GlobalSection(SolutionConfigurationPlatforms) = preSolution
		Debug|Any CPU = Debug|Any CPU
		Release|Any CPU = Release|Any CPU
	EndGlobalSection
	GlobalSection(ProjectConfigurationPlatforms) = postSolution
		{6703A150-8C74-421E-BC38-994D023F648C}.Debug|Any CPU.ActiveCfg = Debug|Any CPU
		{6703A150-8C74-421E-BC38-994D023F648C}.Debug|Any CPU.Build.0 = Debug|Any CPU
		{6703A150-8C74-421E-BC38-994D023F648C}.Release|Any CPU.ActiveCfg = Release|Any CPU
		{6703A150-8C74-421E-BC38-994D023F648C}.Release|Any CPU.Build.0 = Release|Any CPU
		{3769D0E6-0BE0-4F97-8ADF-B39441F8051D}.Debug|Any CPU.ActiveCfg = Debug|Any CPU
		{3769D0E6-0BE0-4F97-8ADF-B39441F8051D}.Debug|Any CPU.Build.0 = Debug|Any CPU
		{3769D0E6-0BE0-4F97-8ADF-B39441F8051D}.Release|Any CPU.ActiveCfg = Release|Any CPU
		{3769D0E6-0BE0-4F97-8ADF-B39441F8051D}.Release|Any CPU.Build.0 = Release|Any CPU
		{6B17C1D8-21B2-4AC3-9627-75C806D1EB60}.Debug|Any CPU.ActiveCfg = Debug|Any CPU
		{6B17C1D8-21B2-4AC3-9627-75C806D1EB60}.Debug|Any CPU.Build.0 = Debug|Any CPU
		{6B17C1D8-21B2-4AC3-9627-75C806D1EB60}.Release|Any CPU.ActiveCfg = Release|Any CPU
		{6B17C1D8-21B2-4AC3-9627-75C806D1EB60}.Release|Any CPU.Build.0 = Release|Any CPU
		{5DF5CB48-822A-4E5A-B951-03128A1EE8D1}.Debug|Any CPU.ActiveCfg = Debug|Any CPU
		{5DF5CB48-822A-4E5A-B951-03128A1EE8D1}.Debug|Any CPU.Build.0 = Debug|Any CPU
		{5DF5CB48-822A-4E5A-B951-03128A1EE8D1}.Release|Any CPU.ActiveCfg = Release|Any CPU
		{5DF5CB48-822A-4E5A-B951-03128A1EE8D1}.Release|Any CPU.Build.0 = Release|Any CPU
		{C5D3BB8E-8395-48E5-AB0C-D0F7E5D0A378}.Debug|Any CPU.ActiveCfg = Debug|Any CPU
		{C5D3BB8E-8395-48E5-AB0C-D0F7E5D0A378}.Debug|Any CPU.Build.0 = Debug|Any CPU
		{C5D3BB8E-8395-48E5-AB0C-D0F7E5D0A378}.Release|Any CPU.ActiveCfg = Release|Any CPU
		{C5D3BB8E-8395-48E5-AB0C-D0F7E5D0A378}.Release|Any CPU.Build.0 = Release|Any CPU
		{B30F6A38-60A9-4834-A07D-B9EE9FB15216}.Debug|Any CPU.ActiveCfg = Debug|Any CPU
		{B30F6A38-60A9-4834-A07D-B9EE9FB15216}.Debug|Any CPU.Build.0 = Debug|Any CPU
		{B30F6A38-60A9-4834-A07D-B9EE9FB15216}.Release|Any CPU.ActiveCfg = Release|Any CPU
		{B30F6A38-60A9-4834-A07D-B9EE9FB15216}.Release|Any CPU.Build.0 = Release|Any CPU
		{6D93401B-0EFB-41A9-A574-8D98CF33493E}.Debug|Any CPU.ActiveCfg = Debug|Any CPU
		{6D93401B-0EFB-41A9-A574-8D98CF33493E}.Debug|Any CPU.Build.0 = Debug|Any CPU
		{6D93401B-0EFB-41A9-A574-8D98CF33493E}.Release|Any CPU.ActiveCfg = Release|Any CPU
		{6D93401B-0EFB-41A9-A574-8D98CF33493E}.Release|Any CPU.Build.0 = Release|Any CPU
		{58550D24-8F54-45F8-AD33-644645C23BBA}.Debug|Any CPU.ActiveCfg = Debug|Any CPU
		{58550D24-8F54-45F8-AD33-644645C23BBA}.Debug|Any CPU.Build.0 = Debug|Any CPU
		{58550D24-8F54-45F8-AD33-644645C23BBA}.Release|Any CPU.ActiveCfg = Release|Any CPU
		{58550D24-8F54-45F8-AD33-644645C23BBA}.Release|Any CPU.Build.0 = Release|Any CPU
		{F4470807-1957-4919-AB93-E2C5F713BEAF}.Debug|Any CPU.ActiveCfg = Debug|Any CPU
		{F4470807-1957-4919-AB93-E2C5F713BEAF}.Debug|Any CPU.Build.0 = Debug|Any CPU
		{F4470807-1957-4919-AB93-E2C5F713BEAF}.Release|Any CPU.ActiveCfg = Release|Any CPU
		{F4470807-1957-4919-AB93-E2C5F713BEAF}.Release|Any CPU.Build.0 = Release|Any CPU
		{D0E49439-3E73-41DD-93FF-12AF75D11803}.Debug|Any CPU.ActiveCfg = Debug|Any CPU
		{D0E49439-3E73-41DD-93FF-12AF75D11803}.Debug|Any CPU.Build.0 = Debug|Any CPU
		{D0E49439-3E73-41DD-93FF-12AF75D11803}.Release|Any CPU.ActiveCfg = Release|Any CPU
		{D0E49439-3E73-41DD-93FF-12AF75D11803}.Release|Any CPU.Build.0 = Release|Any CPU
		{D3378E9D-613F-4EBA-8591-D4C1DEBC3A8F}.Debug|Any CPU.ActiveCfg = Debug|Any CPU
		{D3378E9D-613F-4EBA-8591-D4C1DEBC3A8F}.Debug|Any CPU.Build.0 = Debug|Any CPU
		{D3378E9D-613F-4EBA-8591-D4C1DEBC3A8F}.Release|Any CPU.ActiveCfg = Release|Any CPU
		{D3378E9D-613F-4EBA-8591-D4C1DEBC3A8F}.Release|Any CPU.Build.0 = Release|Any CPU
		{1F273C75-2BF6-4DF7-B9E0-B96DCCE81827}.Debug|Any CPU.ActiveCfg = Debug|Any CPU
		{1F273C75-2BF6-4DF7-B9E0-B96DCCE81827}.Debug|Any CPU.Build.0 = Debug|Any CPU
		{1F273C75-2BF6-4DF7-B9E0-B96DCCE81827}.Release|Any CPU.ActiveCfg = Release|Any CPU
		{1F273C75-2BF6-4DF7-B9E0-B96DCCE81827}.Release|Any CPU.Build.0 = Release|Any CPU
	EndGlobalSection
	GlobalSection(SolutionProperties) = preSolution
		HideSolutionNode = FALSE
	EndGlobalSection
	GlobalSection(NestedProjects) = preSolution
		{365F8FA9-9C10-49DF-8865-2F70217772EE} = {5FA3DF83-2D29-4B17-BA75-8AD8B7FD5A09}
		{6703A150-8C74-421E-BC38-994D023F648C} = {365F8FA9-9C10-49DF-8865-2F70217772EE}
		{D1B4ECF7-2A4D-42FF-A091-4DB7670DFE0A} = {5FA3DF83-2D29-4B17-BA75-8AD8B7FD5A09}
		{6B17C1D8-21B2-4AC3-9627-75C806D1EB60} = {D1B4ECF7-2A4D-42FF-A091-4DB7670DFE0A}
		{5DF5CB48-822A-4E5A-B951-03128A1EE8D1} = {D1B4ECF7-2A4D-42FF-A091-4DB7670DFE0A}
		{CE87B53C-D92B-4549-BC82-23E51A0BDD4A} = {5FA3DF83-2D29-4B17-BA75-8AD8B7FD5A09}
		{C5D3BB8E-8395-48E5-AB0C-D0F7E5D0A378} = {CE87B53C-D92B-4549-BC82-23E51A0BDD4A}
		{B30F6A38-60A9-4834-A07D-B9EE9FB15216} = {CE87B53C-D92B-4549-BC82-23E51A0BDD4A}
		{BC3FFE23-E575-4895-BCF4-E99DCE3810F1} = {710939C7-C65B-4A4A-9A87-788AEC180A95}
		{F4470807-1957-4919-AB93-E2C5F713BEAF} = {BC3FFE23-E575-4895-BCF4-E99DCE3810F1}
		{B9B3A1DE-02FB-4670-859D-5068FD7CEA3E} = {710939C7-C65B-4A4A-9A87-788AEC180A95}
		{D0E49439-3E73-41DD-93FF-12AF75D11803} = {B9B3A1DE-02FB-4670-859D-5068FD7CEA3E}
		{D3378E9D-613F-4EBA-8591-D4C1DEBC3A8F} = {B9B3A1DE-02FB-4670-859D-5068FD7CEA3E}
		{A668A6E5-B166-4E18-932A-7EA9556DF6F7} = {710939C7-C65B-4A4A-9A87-788AEC180A95}
		{1F273C75-2BF6-4DF7-B9E0-B96DCCE81827} = {A668A6E5-B166-4E18-932A-7EA9556DF6F7}
	EndGlobalSection
	GlobalSection(ExtensibilityGlobals) = postSolution
		SolutionGuid = {7C28E221-7CEE-4F56-A77B-84ECC8F5FB1F}
	EndGlobalSection
EndGlobal
