
Microsoft Visual Studio Solution File, Format Version 12.00
# Visual Studio Version 17
VisualStudioVersion = 17.0.31912.275
MinimumVisualStudioVersion = 10.0.40219.1
Project("{2150E333-8FDC-42A3-9474-1A3956D46DE8}") = "ShopManagement", "ShopManagement", "{5FA3DF83-2D29-4B17-BA75-8AD8B7FD5A09}"
EndProject
Project("{2150E333-8FDC-42A3-9474-1A3956D46DE8}") = "SM.Domain", "SM.Domain", "{365F8FA9-9C10-49DF-8865-2F70217772EE}"
EndProject
Project("{9A19103F-16F7-4668-BE54-9A1E7A4F7556}") = "ShopManagement.Domain", "ShopManagement.Domain\ShopManagement.Domain.csproj", "{6703A150-8C74-421E-BC38-994D023F648C}"
EndProject
Project("{9A19103F-16F7-4668-BE54-9A1E7A4F7556}") = "AppFramework", "AppFramework\AppFramework.csproj", "{3769D0E6-0BE0-4F97-8ADF-B39441F8051D}"
EndProject
Project("{2150E333-8FDC-42A3-9474-1A3956D46DE8}") = "SM.Application", "SM.Application", "{D1B4ECF7-2A4D-42FF-A091-4DB7670DFE0A}"
EndProject
Project("{9A19103F-16F7-4668-BE54-9A1E7A4F7556}") = "ShopManagement.Application.Contracts", "ShopManagement.Application.Contracts\ShopManagement.Application.Contracts.csproj", "{6B17C1D8-21B2-4AC3-9627-75C806D1EB60}"
EndProject
Project("{9A19103F-16F7-4668-BE54-9A1E7A4F7556}") = "ShopManagement.Application", "ShopManagement.Application\ShopManagement.Application.csproj", "{5DF5CB48-822A-4E5A-B951-03128A1EE8D1}"
EndProject
Project("{2150E333-8FDC-42A3-9474-1A3956D46DE8}") = "SM.Infrastructure", "SM.Infrastructure", "{CE87B53C-D92B-4549-BC82-23E51A0BDD4A}"
EndProject
Project("{9A19103F-16F7-4668-BE54-9A1E7A4F7556}") = "ShopManagement.Infrastructure.EFCore", "ShopManagement.Infrastructure.EFCore\ShopManagement.Infrastructure.EFCore.csproj", "{C5D3BB8E-8395-48E5-AB0C-D0F7E5D0A378}"
EndProject
Project("{9A19103F-16F7-4668-BE54-9A1E7A4F7556}") = "ShopManagement.Configuration", "ShopManagement.Configuration\ShopManagement.Configuration.csproj", "{B30F6A38-60A9-4834-A07D-B9EE9FB15216}"
EndProject
Project("{2150E333-8FDC-42A3-9474-1A3956D46DE8}") = "Solution Items", "Solution Items", "{CAD7D02D-6D16-480A-88C6-5EA08A7CD056}"
	ProjectSection(SolutionItems) = preProject
		.editorconfig = .editorconfig
	EndProjectSection
EndProject
Project("{9A19103F-16F7-4668-BE54-9A1E7A4F7556}") = "AppQuery", "AppQuery\AppQuery.csproj", "{58550D24-8F54-45F8-AD33-644645C23BBA}"
EndProject
Project("{2150E333-8FDC-42A3-9474-1A3956D46DE8}") = "DicountManagement", "DicountManagement", "{710939C7-C65B-4A4A-9A87-788AEC180A95}"
EndProject
Project("{2150E333-8FDC-42A3-9474-1A3956D46DE8}") = "DM.Domain", "DM.Domain", "{BC3FFE23-E575-4895-BCF4-E99DCE3810F1}"
EndProject
Project("{9A19103F-16F7-4668-BE54-9A1E7A4F7556}") = "DiscountManagement.Domain", "DiscountManagement.Domain\DiscountManagement.Domain.csproj", "{F4470807-1957-4919-AB93-E2C5F713BEAF}"
EndProject
Project("{2150E333-8FDC-42A3-9474-1A3956D46DE8}") = "DM.Application", "DM.Application", "{B9B3A1DE-02FB-4670-859D-5068FD7CEA3E}"
EndProject
Project("{9A19103F-16F7-4668-BE54-9A1E7A4F7556}") = "DiscountManagement.Application", "DiscountManagement.Application\DiscountManagement.Application.csproj", "{D0E49439-3E73-41DD-93FF-12AF75D11803}"
EndProject
Project("{9A19103F-16F7-4668-BE54-9A1E7A4F7556}") = "DiscountManagement.Application.Contract", "DiscountManagement.Application.Contract\DiscountManagement.Application.Contract.csproj", "{D3378E9D-613F-4EBA-8591-D4C1DEBC3A8F}"
EndProject
Project("{2150E333-8FDC-42A3-9474-1A3956D46DE8}") = "DM.Infrastructure", "DM.Infrastructure", "{A668A6E5-B166-4E18-932A-7EA9556DF6F7}"
EndProject
Project("{9A19103F-16F7-4668-BE54-9A1E7A4F7556}") = "DiscountManagement.Infrastructure.EFCore", "DiscountManagement.Infrastructure.EFCore\DiscountManagement.Infrastructure.EFCore.csproj", "{1F273C75-2BF6-4DF7-B9E0-B96DCCE81827}"
EndProject
Project("{9A19103F-16F7-4668-BE54-9A1E7A4F7556}") = "DiscountManagement.Configuration", "DiscountManagement.Configuration\DiscountManagement.Configuration.csproj", "{1FAF0BA3-7831-46F6-823A-CECEBB19274E}"
EndProject
Project("{2150E333-8FDC-42A3-9474-1A3956D46DE8}") = "InventoryManagement", "InventoryManagement", "{B02CB24D-0BC0-4203-95FD-268DF822EDAB}"
EndProject
Project("{2150E333-8FDC-42A3-9474-1A3956D46DE8}") = "IM.Domain", "IM.Domain", "{BBF7D6DF-5F31-42F8-B94F-19D3593FF63E}"
EndProject
Project("{2150E333-8FDC-42A3-9474-1A3956D46DE8}") = "IM.Application", "IM.Application", "{F5DE3340-CD33-44DE-A948-097EF4C5FA63}"
EndProject
Project("{2150E333-8FDC-42A3-9474-1A3956D46DE8}") = "IM.Infrastructure", "IM.Infrastructure", "{68295E71-5CD3-47A6-ACA6-2C2D2475EAE9}"
EndProject
Project("{9A19103F-16F7-4668-BE54-9A1E7A4F7556}") = "InventoryManagement.Domain", "InventoryManagement.Domain\InventoryManagement.Domain.csproj", "{ABACDDB3-6D2E-4A05-BDB6-E892CA6AEB62}"
EndProject
Project("{9A19103F-16F7-4668-BE54-9A1E7A4F7556}") = "InventoryManagement.Application.Contract", "InventoryManagement.Application.Contract\InventoryManagement.Application.Contract.csproj", "{700EC511-0192-4DC3-8D60-B7F7469D768B}"
EndProject
Project("{9A19103F-16F7-4668-BE54-9A1E7A4F7556}") = "InventoryManagement.Application", "InventoryManagement.Application\InventoryManagement.Application.csproj", "{F0B1F4C8-2D06-4907-B0B8-08E297EA6413}"
EndProject
Project("{9A19103F-16F7-4668-BE54-9A1E7A4F7556}") = "InventoryManagement.Infrastructure.EFCore", "InventoryManagement.Infrastructure.EFCore\InventoryManagement.Infrastructure.EFCore.csproj", "{16285CA0-D4F5-4A2E-B1DA-6430FC344321}"
EndProject
Project("{9A19103F-16F7-4668-BE54-9A1E7A4F7556}") = "InventoryManagement.Configuration", "InventoryManagement.Infrastucture.Configuration\InventoryManagement.Configuration.csproj", "{1819C2FF-9788-49CC-8650-53EBF6F7F706}"
EndProject
Project("{2150E333-8FDC-42A3-9474-1A3956D46DE8}") = "CommentManagement", "CommentManagement", "{3DD097FF-C503-48C8-AAF5-DFB7E6D25A96}"
EndProject
Project("{2150E333-8FDC-42A3-9474-1A3956D46DE8}") = "CM.Application", "CM.Application", "{0F516902-56C3-457F-89B0-CB39DF0324E9}"
EndProject
Project("{2150E333-8FDC-42A3-9474-1A3956D46DE8}") = "CM.Domain", "CM.Domain", "{74F5E9B6-963E-48E1-9A7E-F24A1DB75869}"
EndProject
Project("{2150E333-8FDC-42A3-9474-1A3956D46DE8}") = "CM.Infrastructure", "CM.Infrastructure", "{95873516-F710-4C3F-A229-0EB2E9601047}"
EndProject
Project("{9A19103F-16F7-4668-BE54-9A1E7A4F7556}") = "CommentManagement.Application", "CommentManagement.Application\CommentManagement.Application.csproj", "{B767E115-72D1-45FE-8FDE-CE1CC7CAAE2C}"
EndProject
Project("{9A19103F-16F7-4668-BE54-9A1E7A4F7556}") = "CommentManagement.Application.Contracts", "CommentManagement.Application.Contracts\CommentManagement.Application.Contracts.csproj", "{9C9666D2-C321-4E12-8194-C4764B1E7458}"
EndProject
Project("{9A19103F-16F7-4668-BE54-9A1E7A4F7556}") = "CommentManagement.Domain", "CommentManagement.Domain\CommentManagement.Domain.csproj", "{96674E0C-E0CB-4C5A-A090-B7F7BD458DD4}"
EndProject
Project("{9A19103F-16F7-4668-BE54-9A1E7A4F7556}") = "CommentManagement.Infrastructure.EFCore", "CommentManagement.Infrastructure.EFCore\CommentManagement.Infrastructure.EFCore.csproj", "{33063844-91B9-4C51-A12A-8DE42164C40A}"
EndProject
Project("{9A19103F-16F7-4668-BE54-9A1E7A4F7556}") = "CommentManagement.Infrastructure.Configuration", "CommentManagement.Infrastructure.Configuration\CommentManagement.Infrastructure.Configuration.csproj", "{0CE9C9F8-FC5D-4AB3-A7E1-65CD05736742}"
EndProject
Project("{2150E333-8FDC-42A3-9474-1A3956D46DE8}") = "BlogManagement", "BlogManagement", "{45CC10FD-81B4-4A57-90BF-28AB0C1BC2B4}"
EndProject
Project("{2150E333-8FDC-42A3-9474-1A3956D46DE8}") = "BM.Domain", "BM.Domain", "{DEAA6EBE-5D4A-423B-B52A-7CFB50B2A842}"
EndProject
Project("{9A19103F-16F7-4668-BE54-9A1E7A4F7556}") = "BlogManagement.Domain", "BlogManagement.Domain\BlogManagement.Domain.csproj", "{E3763758-E75B-4574-8457-9A8632F35688}"
EndProject
Project("{2150E333-8FDC-42A3-9474-1A3956D46DE8}") = "BM.Application", "BM.Application", "{5CA3D55E-B868-43EF-A23C-A9352F4D9B73}"
EndProject
Project("{9A19103F-16F7-4668-BE54-9A1E7A4F7556}") = "BlogManagement.Application", "BlogManagement.Application\BlogManagement.Application.csproj", "{FAFAEF85-A395-4683-B2C5-1740155EAB15}"
EndProject
Project("{9A19103F-16F7-4668-BE54-9A1E7A4F7556}") = "BlogManagement.Application.Contract", "BlogManagement.Application.Contract\BlogManagement.Application.Contract.csproj", "{3890AB7C-8735-4EAC-B4C0-1F3E7E064A23}"
EndProject
Project("{2150E333-8FDC-42A3-9474-1A3956D46DE8}") = "BM.Infrastructure", "BM.Infrastructure", "{07BCE8B6-DF45-47A8-876C-B4F1EF270530}"
EndProject
Project("{9A19103F-16F7-4668-BE54-9A1E7A4F7556}") = "BlogManagement.Infrastructure.EFCore", "BlogManagement.Infrastructure.EFCore\BlogManagement.Infrastructure.EFCore.csproj", "{BB702E48-FE6C-437D-AADB-66A0D6345DB0}"
EndProject
Project("{9A19103F-16F7-4668-BE54-9A1E7A4F7556}") = "BlogManagement.Infrastructure.Configuration", "BlogManagement.Infrastructure.Configuration\BlogManagement.Infrastructure.Configuration.csproj", "{79ABC333-7D8F-4F20-BBCB-5D80FDB6C25D}"
EndProject
Project("{2150E333-8FDC-42A3-9474-1A3956D46DE8}") = "AccountManagement", "AccountManagement", "{64113C9E-592A-4488-AC51-4EFF02A984BE}"
EndProject
Project("{2150E333-8FDC-42A3-9474-1A3956D46DE8}") = "AM.Domain", "AM.Domain", "{BB4B810F-9D9A-4B41-AAE2-39889D906FF9}"
EndProject
Project("{9A19103F-16F7-4668-BE54-9A1E7A4F7556}") = "AccountManagement.Domain", "AccountManagement.Domain\AccountManagement.Domain.csproj", "{DFA07260-C087-4EF8-BA80-CF4235BF3EBF}"
EndProject
Project("{2150E333-8FDC-42A3-9474-1A3956D46DE8}") = "AM.Application", "AM.Application", "{A858FEDE-02F5-481C-A3D4-74BBD8894E06}"
EndProject
Project("{9A19103F-16F7-4668-BE54-9A1E7A4F7556}") = "AccountManagement.Application.Contracts", "AccountManagement.Application.Contracts\AccountManagement.Application.Contracts.csproj", "{02E47421-2339-4E89-ABA7-D28CF1E4BF19}"
EndProject
Project("{9A19103F-16F7-4668-BE54-9A1E7A4F7556}") = "AccountManagement.Application", "AccountManagement.Application\AccountManagement.Application.csproj", "{2AA3B41A-CA33-4538-AE3C-1C0FB851E38E}"
EndProject
Project("{2150E333-8FDC-42A3-9474-1A3956D46DE8}") = "AM.Infrastructure", "AM.Infrastructure", "{E68EB9A3-E142-43AC-BCF9-EA1B3BC51F38}"
EndProject
Project("{9A19103F-16F7-4668-BE54-9A1E7A4F7556}") = "AccountManagement.Infrastructure.EFCore", "AccountManagement.Infrastructure.EFCore\AccountManagement.Infrastructure.EFCore.csproj", "{1E6D2576-B330-4A9B-81D3-9CF69E9A0016}"
EndProject
Project("{9A19103F-16F7-4668-BE54-9A1E7A4F7556}") = "AccountManagement.Configuration", "AccountManagement.Configuration\AccountManagement.Configuration.csproj", "{AB3B13F8-CC5B-42A6-9A99-A34FE643A1A7}"
EndProject
Project("{9A19103F-16F7-4668-BE54-9A1E7A4F7556}") = "ShopManagement.Infrastructure.InventoryACL", "ShoppManagement.Infrastructure.InventoryACL\ShopManagement.Infrastructure.InventoryACL.csproj", "{F534E489-0188-4577-BA77-5A843AA18E62}"
EndProject
Project("{2150E333-8FDC-42A3-9474-1A3956D46DE8}") = "SM.Presentation", "SM.Presentation", "{43DD97FF-502C-4913-AE79-680143D0AE88}"
EndProject
Project("{9A19103F-16F7-4668-BE54-9A1E7A4F7556}") = "ShopManagement.Presentation.Api", "ShopManagement.Presentation.Api\ShopManagement.Presentation.Api.csproj", "{9DDF1690-7545-40CE-94A4-A6C9B5227964}"
EndProject
Project("{2150E333-8FDC-42A3-9474-1A3956D46DE8}") = "IM.Presentation", "IM.Presentation", "{226DC3AA-E848-4D1B-AE0E-E2671D8B2C1B}"
EndProject
Project("{9A19103F-16F7-4668-BE54-9A1E7A4F7556}") = "InventoryManagement.Presentation.Api", "InventoryManagement.Presentation.Api\InventoryManagement.Presentation.Api.csproj", "{FD145081-6ECB-4814-8BC5-DAC1DC992FA2}"
EndProject
Project("{2150E333-8FDC-42A3-9474-1A3956D46DE8}") = "BM.Presentation", "BM.Presentation", "{247B83B4-8334-4214-A342-EF3E32D432E3}"
EndProject
Project("{9A19103F-16F7-4668-BE54-9A1E7A4F7556}") = "BlogManagement.Presentation.Api", "BlogManagement.Presentation.Api\BlogManagement.Presentation.Api.csproj", "{4EB7CA92-92C4-4004-821E-BCCCF7714FF4}"
EndProject
Project("{9A19103F-16F7-4668-BE54-9A1E7A4F7556}") = "ShopManagement.Infrastructure.AccountAcl", "ShopManagement.Infrastructure.AccountAcl\ShopManagement.Infrastructure.AccountAcl.csproj", "{9A43A83B-2C99-4246-AA07-AEA480F616FF}"
EndProject
Project("{9A19103F-16F7-4668-BE54-9A1E7A4F7556}") = "EndPoint.WebApp", "EndPoint.WebApp\EndPoint.WebApp.csproj", "{2AD47BD0-B063-4E0A-8136-10C634AD7E81}"
EndProject
Global
	GlobalSection(SolutionConfigurationPlatforms) = preSolution
		Debug|Any CPU = Debug|Any CPU
		Release|Any CPU = Release|Any CPU
	EndGlobalSection
	GlobalSection(ProjectConfigurationPlatforms) = postSolution
		{6703A150-8C74-421E-BC38-994D023F648C}.Debug|Any CPU.ActiveCfg = Debug|Any CPU
		{6703A150-8C74-421E-BC38-994D023F648C}.Debug|Any CPU.Build.0 = Debug|Any CPU
		{6703A150-8C74-421E-BC38-994D023F648C}.Release|Any CPU.ActiveCfg = Release|Any CPU
		{6703A150-8C74-421E-BC38-994D023F648C}.Release|Any CPU.Build.0 = Release|Any CPU
		{3769D0E6-0BE0-4F97-8ADF-B39441F8051D}.Debug|Any CPU.ActiveCfg = Debug|Any CPU
		{3769D0E6-0BE0-4F97-8ADF-B39441F8051D}.Debug|Any CPU.Build.0 = Debug|Any CPU
		{3769D0E6-0BE0-4F97-8ADF-B39441F8051D}.Release|Any CPU.ActiveCfg = Release|Any CPU
		{3769D0E6-0BE0-4F97-8ADF-B39441F8051D}.Release|Any CPU.Build.0 = Release|Any CPU
		{6B17C1D8-21B2-4AC3-9627-75C806D1EB60}.Debug|Any CPU.ActiveCfg = Debug|Any CPU
		{6B17C1D8-21B2-4AC3-9627-75C806D1EB60}.Debug|Any CPU.Build.0 = Debug|Any CPU
		{6B17C1D8-21B2-4AC3-9627-75C806D1EB60}.Release|Any CPU.ActiveCfg = Release|Any CPU
		{6B17C1D8-21B2-4AC3-9627-75C806D1EB60}.Release|Any CPU.Build.0 = Release|Any CPU
		{5DF5CB48-822A-4E5A-B951-03128A1EE8D1}.Debug|Any CPU.ActiveCfg = Debug|Any CPU
		{5DF5CB48-822A-4E5A-B951-03128A1EE8D1}.Debug|Any CPU.Build.0 = Debug|Any CPU
		{5DF5CB48-822A-4E5A-B951-03128A1EE8D1}.Release|Any CPU.ActiveCfg = Release|Any CPU
		{5DF5CB48-822A-4E5A-B951-03128A1EE8D1}.Release|Any CPU.Build.0 = Release|Any CPU
		{C5D3BB8E-8395-48E5-AB0C-D0F7E5D0A378}.Debug|Any CPU.ActiveCfg = Debug|Any CPU
		{C5D3BB8E-8395-48E5-AB0C-D0F7E5D0A378}.Debug|Any CPU.Build.0 = Debug|Any CPU
		{C5D3BB8E-8395-48E5-AB0C-D0F7E5D0A378}.Release|Any CPU.ActiveCfg = Release|Any CPU
		{C5D3BB8E-8395-48E5-AB0C-D0F7E5D0A378}.Release|Any CPU.Build.0 = Release|Any CPU
		{B30F6A38-60A9-4834-A07D-B9EE9FB15216}.Debug|Any CPU.ActiveCfg = Debug|Any CPU
		{B30F6A38-60A9-4834-A07D-B9EE9FB15216}.Debug|Any CPU.Build.0 = Debug|Any CPU
		{B30F6A38-60A9-4834-A07D-B9EE9FB15216}.Release|Any CPU.ActiveCfg = Release|Any CPU
		{B30F6A38-60A9-4834-A07D-B9EE9FB15216}.Release|Any CPU.Build.0 = Release|Any CPU
		{58550D24-8F54-45F8-AD33-644645C23BBA}.Debug|Any CPU.ActiveCfg = Debug|Any CPU
		{58550D24-8F54-45F8-AD33-644645C23BBA}.Debug|Any CPU.Build.0 = Debug|Any CPU
		{58550D24-8F54-45F8-AD33-644645C23BBA}.Release|Any CPU.ActiveCfg = Release|Any CPU
		{58550D24-8F54-45F8-AD33-644645C23BBA}.Release|Any CPU.Build.0 = Release|Any CPU
		{F4470807-1957-4919-AB93-E2C5F713BEAF}.Debug|Any CPU.ActiveCfg = Debug|Any CPU
		{F4470807-1957-4919-AB93-E2C5F713BEAF}.Debug|Any CPU.Build.0 = Debug|Any CPU
		{F4470807-1957-4919-AB93-E2C5F713BEAF}.Release|Any CPU.ActiveCfg = Release|Any CPU
		{F4470807-1957-4919-AB93-E2C5F713BEAF}.Release|Any CPU.Build.0 = Release|Any CPU
		{D0E49439-3E73-41DD-93FF-12AF75D11803}.Debug|Any CPU.ActiveCfg = Debug|Any CPU
		{D0E49439-3E73-41DD-93FF-12AF75D11803}.Debug|Any CPU.Build.0 = Debug|Any CPU
		{D0E49439-3E73-41DD-93FF-12AF75D11803}.Release|Any CPU.ActiveCfg = Release|Any CPU
		{D0E49439-3E73-41DD-93FF-12AF75D11803}.Release|Any CPU.Build.0 = Release|Any CPU
		{D3378E9D-613F-4EBA-8591-D4C1DEBC3A8F}.Debug|Any CPU.ActiveCfg = Debug|Any CPU
		{D3378E9D-613F-4EBA-8591-D4C1DEBC3A8F}.Debug|Any CPU.Build.0 = Debug|Any CPU
		{D3378E9D-613F-4EBA-8591-D4C1DEBC3A8F}.Release|Any CPU.ActiveCfg = Release|Any CPU
		{D3378E9D-613F-4EBA-8591-D4C1DEBC3A8F}.Release|Any CPU.Build.0 = Release|Any CPU
		{1F273C75-2BF6-4DF7-B9E0-B96DCCE81827}.Debug|Any CPU.ActiveCfg = Debug|Any CPU
		{1F273C75-2BF6-4DF7-B9E0-B96DCCE81827}.Debug|Any CPU.Build.0 = Debug|Any CPU
		{1F273C75-2BF6-4DF7-B9E0-B96DCCE81827}.Release|Any CPU.ActiveCfg = Release|Any CPU
		{1F273C75-2BF6-4DF7-B9E0-B96DCCE81827}.Release|Any CPU.Build.0 = Release|Any CPU
		{1FAF0BA3-7831-46F6-823A-CECEBB19274E}.Debug|Any CPU.ActiveCfg = Debug|Any CPU
		{1FAF0BA3-7831-46F6-823A-CECEBB19274E}.Debug|Any CPU.Build.0 = Debug|Any CPU
		{1FAF0BA3-7831-46F6-823A-CECEBB19274E}.Release|Any CPU.ActiveCfg = Release|Any CPU
		{1FAF0BA3-7831-46F6-823A-CECEBB19274E}.Release|Any CPU.Build.0 = Release|Any CPU
		{ABACDDB3-6D2E-4A05-BDB6-E892CA6AEB62}.Debug|Any CPU.ActiveCfg = Debug|Any CPU
		{ABACDDB3-6D2E-4A05-BDB6-E892CA6AEB62}.Debug|Any CPU.Build.0 = Debug|Any CPU
		{ABACDDB3-6D2E-4A05-BDB6-E892CA6AEB62}.Release|Any CPU.ActiveCfg = Release|Any CPU
		{ABACDDB3-6D2E-4A05-BDB6-E892CA6AEB62}.Release|Any CPU.Build.0 = Release|Any CPU
		{700EC511-0192-4DC3-8D60-B7F7469D768B}.Debug|Any CPU.ActiveCfg = Debug|Any CPU
		{700EC511-0192-4DC3-8D60-B7F7469D768B}.Debug|Any CPU.Build.0 = Debug|Any CPU
		{700EC511-0192-4DC3-8D60-B7F7469D768B}.Release|Any CPU.ActiveCfg = Release|Any CPU
		{700EC511-0192-4DC3-8D60-B7F7469D768B}.Release|Any CPU.Build.0 = Release|Any CPU
		{F0B1F4C8-2D06-4907-B0B8-08E297EA6413}.Debug|Any CPU.ActiveCfg = Debug|Any CPU
		{F0B1F4C8-2D06-4907-B0B8-08E297EA6413}.Debug|Any CPU.Build.0 = Debug|Any CPU
		{F0B1F4C8-2D06-4907-B0B8-08E297EA6413}.Release|Any CPU.ActiveCfg = Release|Any CPU
		{F0B1F4C8-2D06-4907-B0B8-08E297EA6413}.Release|Any CPU.Build.0 = Release|Any CPU
		{16285CA0-D4F5-4A2E-B1DA-6430FC344321}.Debug|Any CPU.ActiveCfg = Debug|Any CPU
		{16285CA0-D4F5-4A2E-B1DA-6430FC344321}.Debug|Any CPU.Build.0 = Debug|Any CPU
		{16285CA0-D4F5-4A2E-B1DA-6430FC344321}.Release|Any CPU.ActiveCfg = Release|Any CPU
		{16285CA0-D4F5-4A2E-B1DA-6430FC344321}.Release|Any CPU.Build.0 = Release|Any CPU
		{1819C2FF-9788-49CC-8650-53EBF6F7F706}.Debug|Any CPU.ActiveCfg = Debug|Any CPU
		{1819C2FF-9788-49CC-8650-53EBF6F7F706}.Debug|Any CPU.Build.0 = Debug|Any CPU
		{1819C2FF-9788-49CC-8650-53EBF6F7F706}.Release|Any CPU.ActiveCfg = Release|Any CPU
		{1819C2FF-9788-49CC-8650-53EBF6F7F706}.Release|Any CPU.Build.0 = Release|Any CPU
		{B767E115-72D1-45FE-8FDE-CE1CC7CAAE2C}.Debug|Any CPU.ActiveCfg = Debug|Any CPU
		{B767E115-72D1-45FE-8FDE-CE1CC7CAAE2C}.Debug|Any CPU.Build.0 = Debug|Any CPU
		{B767E115-72D1-45FE-8FDE-CE1CC7CAAE2C}.Release|Any CPU.ActiveCfg = Release|Any CPU
		{B767E115-72D1-45FE-8FDE-CE1CC7CAAE2C}.Release|Any CPU.Build.0 = Release|Any CPU
		{9C9666D2-C321-4E12-8194-C4764B1E7458}.Debug|Any CPU.ActiveCfg = Debug|Any CPU
		{9C9666D2-C321-4E12-8194-C4764B1E7458}.Debug|Any CPU.Build.0 = Debug|Any CPU
		{9C9666D2-C321-4E12-8194-C4764B1E7458}.Release|Any CPU.ActiveCfg = Release|Any CPU
		{9C9666D2-C321-4E12-8194-C4764B1E7458}.Release|Any CPU.Build.0 = Release|Any CPU
		{96674E0C-E0CB-4C5A-A090-B7F7BD458DD4}.Debug|Any CPU.ActiveCfg = Debug|Any CPU
		{96674E0C-E0CB-4C5A-A090-B7F7BD458DD4}.Debug|Any CPU.Build.0 = Debug|Any CPU
		{96674E0C-E0CB-4C5A-A090-B7F7BD458DD4}.Release|Any CPU.ActiveCfg = Release|Any CPU
		{96674E0C-E0CB-4C5A-A090-B7F7BD458DD4}.Release|Any CPU.Build.0 = Release|Any CPU
		{33063844-91B9-4C51-A12A-8DE42164C40A}.Debug|Any CPU.ActiveCfg = Debug|Any CPU
		{33063844-91B9-4C51-A12A-8DE42164C40A}.Debug|Any CPU.Build.0 = Debug|Any CPU
		{33063844-91B9-4C51-A12A-8DE42164C40A}.Release|Any CPU.ActiveCfg = Release|Any CPU
		{33063844-91B9-4C51-A12A-8DE42164C40A}.Release|Any CPU.Build.0 = Release|Any CPU
		{0CE9C9F8-FC5D-4AB3-A7E1-65CD05736742}.Debug|Any CPU.ActiveCfg = Debug|Any CPU
		{0CE9C9F8-FC5D-4AB3-A7E1-65CD05736742}.Debug|Any CPU.Build.0 = Debug|Any CPU
		{0CE9C9F8-FC5D-4AB3-A7E1-65CD05736742}.Release|Any CPU.ActiveCfg = Release|Any CPU
		{0CE9C9F8-FC5D-4AB3-A7E1-65CD05736742}.Release|Any CPU.Build.0 = Release|Any CPU
		{E3763758-E75B-4574-8457-9A8632F35688}.Debug|Any CPU.ActiveCfg = Debug|Any CPU
		{E3763758-E75B-4574-8457-9A8632F35688}.Debug|Any CPU.Build.0 = Debug|Any CPU
		{E3763758-E75B-4574-8457-9A8632F35688}.Release|Any CPU.ActiveCfg = Release|Any CPU
		{E3763758-E75B-4574-8457-9A8632F35688}.Release|Any CPU.Build.0 = Release|Any CPU
		{FAFAEF85-A395-4683-B2C5-1740155EAB15}.Debug|Any CPU.ActiveCfg = Debug|Any CPU
		{FAFAEF85-A395-4683-B2C5-1740155EAB15}.Debug|Any CPU.Build.0 = Debug|Any CPU
		{FAFAEF85-A395-4683-B2C5-1740155EAB15}.Release|Any CPU.ActiveCfg = Release|Any CPU
		{FAFAEF85-A395-4683-B2C5-1740155EAB15}.Release|Any CPU.Build.0 = Release|Any CPU
		{3890AB7C-8735-4EAC-B4C0-1F3E7E064A23}.Debug|Any CPU.ActiveCfg = Debug|Any CPU
		{3890AB7C-8735-4EAC-B4C0-1F3E7E064A23}.Debug|Any CPU.Build.0 = Debug|Any CPU
		{3890AB7C-8735-4EAC-B4C0-1F3E7E064A23}.Release|Any CPU.ActiveCfg = Release|Any CPU
		{3890AB7C-8735-4EAC-B4C0-1F3E7E064A23}.Release|Any CPU.Build.0 = Release|Any CPU
		{BB702E48-FE6C-437D-AADB-66A0D6345DB0}.Debug|Any CPU.ActiveCfg = Debug|Any CPU
		{BB702E48-FE6C-437D-AADB-66A0D6345DB0}.Debug|Any CPU.Build.0 = Debug|Any CPU
		{BB702E48-FE6C-437D-AADB-66A0D6345DB0}.Release|Any CPU.ActiveCfg = Release|Any CPU
		{BB702E48-FE6C-437D-AADB-66A0D6345DB0}.Release|Any CPU.Build.0 = Release|Any CPU
		{79ABC333-7D8F-4F20-BBCB-5D80FDB6C25D}.Debug|Any CPU.ActiveCfg = Debug|Any CPU
		{79ABC333-7D8F-4F20-BBCB-5D80FDB6C25D}.Debug|Any CPU.Build.0 = Debug|Any CPU
		{79ABC333-7D8F-4F20-BBCB-5D80FDB6C25D}.Release|Any CPU.ActiveCfg = Release|Any CPU
		{79ABC333-7D8F-4F20-BBCB-5D80FDB6C25D}.Release|Any CPU.Build.0 = Release|Any CPU
		{DFA07260-C087-4EF8-BA80-CF4235BF3EBF}.Debug|Any CPU.ActiveCfg = Debug|Any CPU
		{DFA07260-C087-4EF8-BA80-CF4235BF3EBF}.Debug|Any CPU.Build.0 = Debug|Any CPU
		{DFA07260-C087-4EF8-BA80-CF4235BF3EBF}.Release|Any CPU.ActiveCfg = Release|Any CPU
		{DFA07260-C087-4EF8-BA80-CF4235BF3EBF}.Release|Any CPU.Build.0 = Release|Any CPU
		{02E47421-2339-4E89-ABA7-D28CF1E4BF19}.Debug|Any CPU.ActiveCfg = Debug|Any CPU
		{02E47421-2339-4E89-ABA7-D28CF1E4BF19}.Debug|Any CPU.Build.0 = Debug|Any CPU
		{02E47421-2339-4E89-ABA7-D28CF1E4BF19}.Release|Any CPU.ActiveCfg = Release|Any CPU
		{02E47421-2339-4E89-ABA7-D28CF1E4BF19}.Release|Any CPU.Build.0 = Release|Any CPU
		{2AA3B41A-CA33-4538-AE3C-1C0FB851E38E}.Debug|Any CPU.ActiveCfg = Debug|Any CPU
		{2AA3B41A-CA33-4538-AE3C-1C0FB851E38E}.Debug|Any CPU.Build.0 = Debug|Any CPU
		{2AA3B41A-CA33-4538-AE3C-1C0FB851E38E}.Release|Any CPU.ActiveCfg = Release|Any CPU
		{2AA3B41A-CA33-4538-AE3C-1C0FB851E38E}.Release|Any CPU.Build.0 = Release|Any CPU
		{1E6D2576-B330-4A9B-81D3-9CF69E9A0016}.Debug|Any CPU.ActiveCfg = Debug|Any CPU
		{1E6D2576-B330-4A9B-81D3-9CF69E9A0016}.Debug|Any CPU.Build.0 = Debug|Any CPU
		{1E6D2576-B330-4A9B-81D3-9CF69E9A0016}.Release|Any CPU.ActiveCfg = Release|Any CPU
		{1E6D2576-B330-4A9B-81D3-9CF69E9A0016}.Release|Any CPU.Build.0 = Release|Any CPU
		{AB3B13F8-CC5B-42A6-9A99-A34FE643A1A7}.Debug|Any CPU.ActiveCfg = Debug|Any CPU
		{AB3B13F8-CC5B-42A6-9A99-A34FE643A1A7}.Debug|Any CPU.Build.0 = Debug|Any CPU
		{AB3B13F8-CC5B-42A6-9A99-A34FE643A1A7}.Release|Any CPU.ActiveCfg = Release|Any CPU
		{AB3B13F8-CC5B-42A6-9A99-A34FE643A1A7}.Release|Any CPU.Build.0 = Release|Any CPU
		{F534E489-0188-4577-BA77-5A843AA18E62}.Debug|Any CPU.ActiveCfg = Debug|Any CPU
		{F534E489-0188-4577-BA77-5A843AA18E62}.Debug|Any CPU.Build.0 = Debug|Any CPU
		{F534E489-0188-4577-BA77-5A843AA18E62}.Release|Any CPU.ActiveCfg = Release|Any CPU
		{F534E489-0188-4577-BA77-5A843AA18E62}.Release|Any CPU.Build.0 = Release|Any CPU
		{9DDF1690-7545-40CE-94A4-A6C9B5227964}.Debug|Any CPU.ActiveCfg = Debug|Any CPU
		{9DDF1690-7545-40CE-94A4-A6C9B5227964}.Debug|Any CPU.Build.0 = Debug|Any CPU
		{9DDF1690-7545-40CE-94A4-A6C9B5227964}.Release|Any CPU.ActiveCfg = Release|Any CPU
		{9DDF1690-7545-40CE-94A4-A6C9B5227964}.Release|Any CPU.Build.0 = Release|Any CPU
		{FD145081-6ECB-4814-8BC5-DAC1DC992FA2}.Debug|Any CPU.ActiveCfg = Debug|Any CPU
		{FD145081-6ECB-4814-8BC5-DAC1DC992FA2}.Debug|Any CPU.Build.0 = Debug|Any CPU
		{FD145081-6ECB-4814-8BC5-DAC1DC992FA2}.Release|Any CPU.ActiveCfg = Release|Any CPU
		{FD145081-6ECB-4814-8BC5-DAC1DC992FA2}.Release|Any CPU.Build.0 = Release|Any CPU
		{4EB7CA92-92C4-4004-821E-BCCCF7714FF4}.Debug|Any CPU.ActiveCfg = Debug|Any CPU
		{4EB7CA92-92C4-4004-821E-BCCCF7714FF4}.Debug|Any CPU.Build.0 = Debug|Any CPU
		{4EB7CA92-92C4-4004-821E-BCCCF7714FF4}.Release|Any CPU.ActiveCfg = Release|Any CPU
		{4EB7CA92-92C4-4004-821E-BCCCF7714FF4}.Release|Any CPU.Build.0 = Release|Any CPU
		{9A43A83B-2C99-4246-AA07-AEA480F616FF}.Debug|Any CPU.ActiveCfg = Debug|Any CPU
		{9A43A83B-2C99-4246-AA07-AEA480F616FF}.Debug|Any CPU.Build.0 = Debug|Any CPU
		{9A43A83B-2C99-4246-AA07-AEA480F616FF}.Release|Any CPU.ActiveCfg = Release|Any CPU
		{9A43A83B-2C99-4246-AA07-AEA480F616FF}.Release|Any CPU.Build.0 = Release|Any CPU
		{2AD47BD0-B063-4E0A-8136-10C634AD7E81}.Debug|Any CPU.ActiveCfg = Debug|Any CPU
		{2AD47BD0-B063-4E0A-8136-10C634AD7E81}.Debug|Any CPU.Build.0 = Debug|Any CPU
		{2AD47BD0-B063-4E0A-8136-10C634AD7E81}.Release|Any CPU.ActiveCfg = Release|Any CPU
		{2AD47BD0-B063-4E0A-8136-10C634AD7E81}.Release|Any CPU.Build.0 = Release|Any CPU
	EndGlobalSection
	GlobalSection(SolutionProperties) = preSolution
		HideSolutionNode = FALSE
	EndGlobalSection
	GlobalSection(NestedProjects) = preSolution
		{365F8FA9-9C10-49DF-8865-2F70217772EE} = {5FA3DF83-2D29-4B17-BA75-8AD8B7FD5A09}
		{6703A150-8C74-421E-BC38-994D023F648C} = {365F8FA9-9C10-49DF-8865-2F70217772EE}
		{D1B4ECF7-2A4D-42FF-A091-4DB7670DFE0A} = {5FA3DF83-2D29-4B17-BA75-8AD8B7FD5A09}
		{6B17C1D8-21B2-4AC3-9627-75C806D1EB60} = {D1B4ECF7-2A4D-42FF-A091-4DB7670DFE0A}
		{5DF5CB48-822A-4E5A-B951-03128A1EE8D1} = {D1B4ECF7-2A4D-42FF-A091-4DB7670DFE0A}
		{CE87B53C-D92B-4549-BC82-23E51A0BDD4A} = {5FA3DF83-2D29-4B17-BA75-8AD8B7FD5A09}
		{C5D3BB8E-8395-48E5-AB0C-D0F7E5D0A378} = {CE87B53C-D92B-4549-BC82-23E51A0BDD4A}
		{B30F6A38-60A9-4834-A07D-B9EE9FB15216} = {CE87B53C-D92B-4549-BC82-23E51A0BDD4A}
		{BC3FFE23-E575-4895-BCF4-E99DCE3810F1} = {710939C7-C65B-4A4A-9A87-788AEC180A95}
		{F4470807-1957-4919-AB93-E2C5F713BEAF} = {BC3FFE23-E575-4895-BCF4-E99DCE3810F1}
		{B9B3A1DE-02FB-4670-859D-5068FD7CEA3E} = {710939C7-C65B-4A4A-9A87-788AEC180A95}
		{D0E49439-3E73-41DD-93FF-12AF75D11803} = {B9B3A1DE-02FB-4670-859D-5068FD7CEA3E}
		{D3378E9D-613F-4EBA-8591-D4C1DEBC3A8F} = {B9B3A1DE-02FB-4670-859D-5068FD7CEA3E}
		{A668A6E5-B166-4E18-932A-7EA9556DF6F7} = {710939C7-C65B-4A4A-9A87-788AEC180A95}
		{1F273C75-2BF6-4DF7-B9E0-B96DCCE81827} = {A668A6E5-B166-4E18-932A-7EA9556DF6F7}
		{1FAF0BA3-7831-46F6-823A-CECEBB19274E} = {A668A6E5-B166-4E18-932A-7EA9556DF6F7}
		{BBF7D6DF-5F31-42F8-B94F-19D3593FF63E} = {B02CB24D-0BC0-4203-95FD-268DF822EDAB}
		{F5DE3340-CD33-44DE-A948-097EF4C5FA63} = {B02CB24D-0BC0-4203-95FD-268DF822EDAB}
		{68295E71-5CD3-47A6-ACA6-2C2D2475EAE9} = {B02CB24D-0BC0-4203-95FD-268DF822EDAB}
		{ABACDDB3-6D2E-4A05-BDB6-E892CA6AEB62} = {BBF7D6DF-5F31-42F8-B94F-19D3593FF63E}
		{700EC511-0192-4DC3-8D60-B7F7469D768B} = {F5DE3340-CD33-44DE-A948-097EF4C5FA63}
		{F0B1F4C8-2D06-4907-B0B8-08E297EA6413} = {F5DE3340-CD33-44DE-A948-097EF4C5FA63}
		{16285CA0-D4F5-4A2E-B1DA-6430FC344321} = {68295E71-5CD3-47A6-ACA6-2C2D2475EAE9}
		{1819C2FF-9788-49CC-8650-53EBF6F7F706} = {68295E71-5CD3-47A6-ACA6-2C2D2475EAE9}
		{0F516902-56C3-457F-89B0-CB39DF0324E9} = {3DD097FF-C503-48C8-AAF5-DFB7E6D25A96}
		{74F5E9B6-963E-48E1-9A7E-F24A1DB75869} = {3DD097FF-C503-48C8-AAF5-DFB7E6D25A96}
		{95873516-F710-4C3F-A229-0EB2E9601047} = {3DD097FF-C503-48C8-AAF5-DFB7E6D25A96}
		{B767E115-72D1-45FE-8FDE-CE1CC7CAAE2C} = {0F516902-56C3-457F-89B0-CB39DF0324E9}
		{9C9666D2-C321-4E12-8194-C4764B1E7458} = {0F516902-56C3-457F-89B0-CB39DF0324E9}
		{96674E0C-E0CB-4C5A-A090-B7F7BD458DD4} = {74F5E9B6-963E-48E1-9A7E-F24A1DB75869}
		{33063844-91B9-4C51-A12A-8DE42164C40A} = {95873516-F710-4C3F-A229-0EB2E9601047}
		{0CE9C9F8-FC5D-4AB3-A7E1-65CD05736742} = {95873516-F710-4C3F-A229-0EB2E9601047}
		{DEAA6EBE-5D4A-423B-B52A-7CFB50B2A842} = {45CC10FD-81B4-4A57-90BF-28AB0C1BC2B4}
		{E3763758-E75B-4574-8457-9A8632F35688} = {DEAA6EBE-5D4A-423B-B52A-7CFB50B2A842}
		{5CA3D55E-B868-43EF-A23C-A9352F4D9B73} = {45CC10FD-81B4-4A57-90BF-28AB0C1BC2B4}
		{FAFAEF85-A395-4683-B2C5-1740155EAB15} = {5CA3D55E-B868-43EF-A23C-A9352F4D9B73}
		{3890AB7C-8735-4EAC-B4C0-1F3E7E064A23} = {5CA3D55E-B868-43EF-A23C-A9352F4D9B73}
		{07BCE8B6-DF45-47A8-876C-B4F1EF270530} = {45CC10FD-81B4-4A57-90BF-28AB0C1BC2B4}
		{BB702E48-FE6C-437D-AADB-66A0D6345DB0} = {07BCE8B6-DF45-47A8-876C-B4F1EF270530}
		{79ABC333-7D8F-4F20-BBCB-5D80FDB6C25D} = {07BCE8B6-DF45-47A8-876C-B4F1EF270530}
		{BB4B810F-9D9A-4B41-AAE2-39889D906FF9} = {64113C9E-592A-4488-AC51-4EFF02A984BE}
		{DFA07260-C087-4EF8-BA80-CF4235BF3EBF} = {BB4B810F-9D9A-4B41-AAE2-39889D906FF9}
		{A858FEDE-02F5-481C-A3D4-74BBD8894E06} = {64113C9E-592A-4488-AC51-4EFF02A984BE}
		{02E47421-2339-4E89-ABA7-D28CF1E4BF19} = {A858FEDE-02F5-481C-A3D4-74BBD8894E06}
		{2AA3B41A-CA33-4538-AE3C-1C0FB851E38E} = {A858FEDE-02F5-481C-A3D4-74BBD8894E06}
		{E68EB9A3-E142-43AC-BCF9-EA1B3BC51F38} = {64113C9E-592A-4488-AC51-4EFF02A984BE}
		{1E6D2576-B330-4A9B-81D3-9CF69E9A0016} = {E68EB9A3-E142-43AC-BCF9-EA1B3BC51F38}
		{AB3B13F8-CC5B-42A6-9A99-A34FE643A1A7} = {E68EB9A3-E142-43AC-BCF9-EA1B3BC51F38}
		{F534E489-0188-4577-BA77-5A843AA18E62} = {CE87B53C-D92B-4549-BC82-23E51A0BDD4A}
		{43DD97FF-502C-4913-AE79-680143D0AE88} = {5FA3DF83-2D29-4B17-BA75-8AD8B7FD5A09}
		{9DDF1690-7545-40CE-94A4-A6C9B5227964} = {43DD97FF-502C-4913-AE79-680143D0AE88}
		{226DC3AA-E848-4D1B-AE0E-E2671D8B2C1B} = {B02CB24D-0BC0-4203-95FD-268DF822EDAB}
		{FD145081-6ECB-4814-8BC5-DAC1DC992FA2} = {226DC3AA-E848-4D1B-AE0E-E2671D8B2C1B}
		{247B83B4-8334-4214-A342-EF3E32D432E3} = {45CC10FD-81B4-4A57-90BF-28AB0C1BC2B4}
		{4EB7CA92-92C4-4004-821E-BCCCF7714FF4} = {247B83B4-8334-4214-A342-EF3E32D432E3}
		{9A43A83B-2C99-4246-AA07-AEA480F616FF} = {CE87B53C-D92B-4549-BC82-23E51A0BDD4A}
	EndGlobalSection
	GlobalSection(ExtensibilityGlobals) = postSolution
		SolutionGuid = {7C28E221-7CEE-4F56-A77B-84ECC8F5FB1F}
	EndGlobalSection
EndGlobal
